
Microsoft Visual Studio Solution File, Format Version 12.00
# Visual Studio 15
VisualStudioVersion = 15.0.27428.2037
MinimumVisualStudioVersion = 10.0.40219.1
Project("{FAE04EC0-301F-11D3-BF4B-00C04F79EFBC}") = "UmbracoIdentity.IdentityServer", "UmbracoIdentity.IdentityServer\UmbracoIdentity.IdentityServer.csproj", "{07D8E8A2-2759-49CC-A0A6-D3E6BB59FAAE}"
EndProject
Project("{2150E333-8FDC-42A3-9474-1A3956D46DE8}") = "build", "build", "{A7AE1AD5-FDCE-4E5C-B17E-41979F684A53}"
	ProjectSection(SolutionItems) = preProject
		..\build\UmbracoIdentity.IdentityServer.nuspec = ..\build\UmbracoIdentity.IdentityServer.nuspec
	EndProjectSection
EndProject
Global
	GlobalSection(SolutionConfigurationPlatforms) = preSolution
		Debug|Any CPU = Debug|Any CPU
		Release|Any CPU = Release|Any CPU
	EndGlobalSection
	GlobalSection(ProjectConfigurationPlatforms) = postSolution
		{07D8E8A2-2759-49CC-A0A6-D3E6BB59FAAE}.Debug|Any CPU.ActiveCfg = Debug|Any CPU
		{07D8E8A2-2759-49CC-A0A6-D3E6BB59FAAE}.Debug|Any CPU.Build.0 = Debug|Any CPU
		{07D8E8A2-2759-49CC-A0A6-D3E6BB59FAAE}.Release|Any CPU.ActiveCfg = Release|Any CPU
		{07D8E8A2-2759-49CC-A0A6-D3E6BB59FAAE}.Release|Any CPU.Build.0 = Release|Any CPU
	EndGlobalSection
	GlobalSection(SolutionProperties) = preSolution
		HideSolutionNode = FALSE
	EndGlobalSection
	GlobalSection(ExtensibilityGlobals) = postSolution
		SolutionGuid = {A2687E13-9FE9-4D91-8264-B012E56E1738}
	EndGlobalSection
EndGlobal
